
Microsoft Visual Studio Solution File, Format Version 12.00
# Visual Studio Version 16
VisualStudioVersion = 16.0.29806.167
MinimumVisualStudioVersion = 10.0.40219.1
Project("{FAE04EC0-301F-11D3-BF4B-00C04F79EFBC}") = "cafe", "cafe.csproj", "{7E378D8B-D062-4A9A-A039-58A50CB1807F}"
EndProject
Global
	GlobalSection(SolutionConfigurationPlatforms) = preSolution
		Debug|Any CPU = Debug|Any CPU
		Release|Any CPU = Release|Any CPU
	EndGlobalSection
	GlobalSection(ProjectConfigurationPlatforms) = postSolution
		{7E378D8B-D062-4A9A-A039-58A50CB1807F}.Debug|Any CPU.ActiveCfg = Debug|Any CPU
		{7E378D8B-D062-4A9A-A039-58A50CB1807F}.Debug|Any CPU.Build.0 = Debug|Any CPU
		{7E378D8B-D062-4A9A-A039-58A50CB1807F}.Release|Any CPU.ActiveCfg = Release|Any CPU
		{7E378D8B-D062-4A9A-A039-58A50CB1807F}.Release|Any CPU.Build.0 = Release|Any CPU
	EndGlobalSection
	GlobalSection(SolutionProperties) = preSolution
		HideSolutionNode = FALSE
	EndGlobalSection
	GlobalSection(ExtensibilityGlobals) = postSolution
		SolutionGuid = {57C48729-7973-4D58-AB9B-1BA64316B9CA}
	EndGlobalSection
EndGlobal
